{
  "name": "example-playwright",
  "version": "1.0.0",
  "lockfileVersion": 3,
  "requires": true,
  "packages": {
    "": {
      "name": "example-playwright",
      "version": "1.0.0",
      "license": "ISC",
      "devDependencies": {
        "@kormanowsky/test-sequencer": "../../",
        "@playwright/test": "1.38.0"
      }
    },
    "../..": {
      "name": "@kormanowsky/test-sequencer",
      "version": "0.0.12",
      "dev": true,
      "license": "ISC",
      "dependencies": {
        "@kormanowsky/distrib": "0.0.4"
      },
      "bin": {
        "kts-pw": "bin/kts-pw.js"
      },
      "devDependencies": {
        "@types/jest": "29.5.13",
        "jest": "29.7.0",
        "ts-jest": "29.2.5",
        "typescript": "5.6.2"
      },
      "peerDependencies": {
        "@jest/test-sequencer": "29.7.0",
        "@playwright/test": "1.38.0"
      }
    },
    "node_modules/@kormanowsky/test-sequencer": {
      "resolved": "../..",
      "link": true
    },
    "node_modules/@playwright/test": {
      "version": "1.38.0",
      "dev": true,
      "license": "Apache-2.0",
      "dependencies": {
        "playwright": "1.38.0"
      },
      "bin": {
        "playwright": "cli.js"
      },
      "engines": {
        "node": ">=16"
      }
    },
    "node_modules/playwright": {
      "version": "1.38.0",
      "dev": true,
      "license": "Apache-2.0",
      "dependencies": {
        "playwright-core": "1.38.0"
      },
      "bin": {
        "playwright": "cli.js"
      },
      "engines": {
        "node": ">=16"
      },
      "optionalDependencies": {
        "fsevents": "2.3.2"
      }
    },
    "node_modules/playwright-core": {
      "version": "1.38.0",
      "dev": true,
      "license": "Apache-2.0",
      "bin": {
        "playwright-core": "cli.js"
      },
      "engines": {
        "node": ">=16"
      }
    },
    "node_modules/playwright/node_modules/fsevents": {
      "version": "2.3.2",
      "dev": true,
      "license": "MIT",
      "optional": true,
      "os": [
        "darwin"
      ],
      "engines": {
        "node": "^8.16.0 || ^10.6.0 || >=11.0.0"
      }
    }
  }
}
